
Microsoft Visual Studio Solution File, Format Version 12.00
# Visual Studio Version 16
VisualStudioVersion = 16.0.30804.86
MinimumVisualStudioVersion = 10.0.40219.1
Project("{FAE04EC0-301F-11D3-BF4B-00C04F79EFBC}") = "KPMG.Test", "KPMG.Test\KPMG.Test.csproj", "{259DCA4C-364F-4810-A55C-9E97D639CD8E}"
EndProject
Global
	GlobalSection(SolutionConfigurationPlatforms) = preSolution
		Debug|Any CPU = Debug|Any CPU
		Release|Any CPU = Release|Any CPU
	EndGlobalSection
	GlobalSection(ProjectConfigurationPlatforms) = postSolution
		{259DCA4C-364F-4810-A55C-9E97D639CD8E}.Debug|Any CPU.ActiveCfg = Debug|Any CPU
		{259DCA4C-364F-4810-A55C-9E97D639CD8E}.Debug|Any CPU.Build.0 = Debug|Any CPU
		{259DCA4C-364F-4810-A55C-9E97D639CD8E}.Release|Any CPU.ActiveCfg = Release|Any CPU
		{259DCA4C-364F-4810-A55C-9E97D639CD8E}.Release|Any CPU.Build.0 = Release|Any CPU
	EndGlobalSection
	GlobalSection(SolutionProperties) = preSolution
		HideSolutionNode = FALSE
	EndGlobalSection
	GlobalSection(ExtensibilityGlobals) = postSolution
		SolutionGuid = {0E7D1070-5491-46D4-AE4A-C81D6B748648}
	EndGlobalSection
EndGlobal
